
Microsoft Visual Studio Solution File, Format Version 12.00
# Visual Studio 2015
Project("{FAE04EC0-301F-11D3-BF4B-00C04F79EFBC}") = "UnityProject563", "UnityProject563.csproj", "{A329C6EC-685B-5F77-1E7E-6358B9A9D9D5}"
EndProject
Project("{FAE04EC0-301F-11D3-BF4B-00C04F79EFBC}") = "UnityProject563.Editor", "UnityProject563.Editor.csproj", "{797C86D6-5099-8433-2766-A2536871D442}"
EndProject
Global
	GlobalSection(SolutionConfigurationPlatforms) = preSolution
		Debug|Any CPU = Debug|Any CPU
		Release|Any CPU = Release|Any CPU
	EndGlobalSection
	GlobalSection(ProjectConfigurationPlatforms) = postSolution
		{A329C6EC-685B-5F77-1E7E-6358B9A9D9D5}.Debug|Any CPU.ActiveCfg = Debug|Any CPU
		{A329C6EC-685B-5F77-1E7E-6358B9A9D9D5}.Debug|Any CPU.Build.0 = Debug|Any CPU
		{A329C6EC-685B-5F77-1E7E-6358B9A9D9D5}.Release|Any CPU.ActiveCfg = Release|Any CPU
		{A329C6EC-685B-5F77-1E7E-6358B9A9D9D5}.Release|Any CPU.Build.0 = Release|Any CPU
		{797C86D6-5099-8433-2766-A2536871D442}.Debug|Any CPU.ActiveCfg = Debug|Any CPU
		{797C86D6-5099-8433-2766-A2536871D442}.Debug|Any CPU.Build.0 = Debug|Any CPU
		{797C86D6-5099-8433-2766-A2536871D442}.Release|Any CPU.ActiveCfg = Release|Any CPU
		{797C86D6-5099-8433-2766-A2536871D442}.Release|Any CPU.Build.0 = Release|Any CPU
	EndGlobalSection
	GlobalSection(SolutionProperties) = preSolution
		HideSolutionNode = FALSE
	EndGlobalSection
EndGlobal
