
Microsoft Visual Studio Solution File, Format Version 12.00
# Visual Studio 2015
Project("{FAE04EC0-301F-11D3-BF4B-00C04F79EFBC}") = "UnityProject553", "UnityProject553.csproj", "{AD5C9B23-EFD2-7EC9-9049-BC7285C16423}"
EndProject
Project("{FAE04EC0-301F-11D3-BF4B-00C04F79EFBC}") = "UnityProject553.Editor", "UnityProject553.Editor.csproj", "{4A95CCEE-F716-8673-0947-45FAD631FED1}"
EndProject
Global
	GlobalSection(SolutionConfigurationPlatforms) = preSolution
		Debug|Any CPU = Debug|Any CPU
		Release|Any CPU = Release|Any CPU
	EndGlobalSection
	GlobalSection(ProjectConfigurationPlatforms) = postSolution
		{AD5C9B23-EFD2-7EC9-9049-BC7285C16423}.Debug|Any CPU.ActiveCfg = Debug|Any CPU
		{AD5C9B23-EFD2-7EC9-9049-BC7285C16423}.Debug|Any CPU.Build.0 = Debug|Any CPU
		{AD5C9B23-EFD2-7EC9-9049-BC7285C16423}.Release|Any CPU.ActiveCfg = Release|Any CPU
		{AD5C9B23-EFD2-7EC9-9049-BC7285C16423}.Release|Any CPU.Build.0 = Release|Any CPU
		{4A95CCEE-F716-8673-0947-45FAD631FED1}.Debug|Any CPU.ActiveCfg = Debug|Any CPU
		{4A95CCEE-F716-8673-0947-45FAD631FED1}.Debug|Any CPU.Build.0 = Debug|Any CPU
		{4A95CCEE-F716-8673-0947-45FAD631FED1}.Release|Any CPU.ActiveCfg = Release|Any CPU
		{4A95CCEE-F716-8673-0947-45FAD631FED1}.Release|Any CPU.Build.0 = Release|Any CPU
	EndGlobalSection
	GlobalSection(SolutionProperties) = preSolution
		HideSolutionNode = FALSE
	EndGlobalSection
EndGlobal
